
Microsoft Visual Studio Solution File, Format Version 12.00
# Visual Studio 2017
Project("{FAE04EC0-301F-11D3-BF4B-00C04F79EFBC}") = "Testing VR View", "Testing VR View.csproj", "{78D8D686-5DB8-E973-EECC-95A30AE989AA}"
EndProject
Project("{FAE04EC0-301F-11D3-BF4B-00C04F79EFBC}") = "Testing VR View.Plugins", "Testing VR View.Plugins.csproj", "{683C8D94-01B8-D48C-1E14-C8FF66801920}"
EndProject
Project("{FAE04EC0-301F-11D3-BF4B-00C04F79EFBC}") = "Testing VR View.Editor", "Testing VR View.Editor.csproj", "{AF9C7ADC-D5D5-D943-D565-B83C12321E7D}"
EndProject
Global
	GlobalSection(SolutionConfigurationPlatforms) = preSolution
		Debug|Any CPU = Debug|Any CPU
		Release|Any CPU = Release|Any CPU
	EndGlobalSection
	GlobalSection(ProjectConfigurationPlatforms) = postSolution
		{78D8D686-5DB8-E973-EECC-95A30AE989AA}.Debug|Any CPU.ActiveCfg = Debug|Any CPU
		{78D8D686-5DB8-E973-EECC-95A30AE989AA}.Debug|Any CPU.Build.0 = Debug|Any CPU
		{78D8D686-5DB8-E973-EECC-95A30AE989AA}.Release|Any CPU.ActiveCfg = Release|Any CPU
		{78D8D686-5DB8-E973-EECC-95A30AE989AA}.Release|Any CPU.Build.0 = Release|Any CPU
		{683C8D94-01B8-D48C-1E14-C8FF66801920}.Debug|Any CPU.ActiveCfg = Debug|Any CPU
		{683C8D94-01B8-D48C-1E14-C8FF66801920}.Debug|Any CPU.Build.0 = Debug|Any CPU
		{683C8D94-01B8-D48C-1E14-C8FF66801920}.Release|Any CPU.ActiveCfg = Release|Any CPU
		{683C8D94-01B8-D48C-1E14-C8FF66801920}.Release|Any CPU.Build.0 = Release|Any CPU
		{AF9C7ADC-D5D5-D943-D565-B83C12321E7D}.Debug|Any CPU.ActiveCfg = Debug|Any CPU
		{AF9C7ADC-D5D5-D943-D565-B83C12321E7D}.Debug|Any CPU.Build.0 = Debug|Any CPU
		{AF9C7ADC-D5D5-D943-D565-B83C12321E7D}.Release|Any CPU.ActiveCfg = Release|Any CPU
		{AF9C7ADC-D5D5-D943-D565-B83C12321E7D}.Release|Any CPU.Build.0 = Release|Any CPU
	EndGlobalSection
	GlobalSection(SolutionProperties) = preSolution
		HideSolutionNode = FALSE
	EndGlobalSection
EndGlobal
